
Microsoft Visual Studio Solution File, Format Version 12.00
# Visual Studio Version 16
VisualStudioVersion = 16.0.32413.511
MinimumVisualStudioVersion = 10.0.40219.1
Project("{FAE04EC0-301F-11D3-BF4B-00C04F79EFBC}") = "TheSimchaFundData", "TheSimchaFundData\TheSimchaFundData.csproj", "{9C1F9248-9A82-4D52-AAEB-54C763144AB8}"
EndProject
Project("{FAE04EC0-301F-11D3-BF4B-00C04F79EFBC}") = "TheSimchaFundWeb", "TheSimchaFundWeb\TheSimchaFundWeb.csproj", "{AD7B501A-E268-48D9-8675-AC4600398A5D}"
EndProject
Global
	GlobalSection(SolutionConfigurationPlatforms) = preSolution
		Debug|Any CPU = Debug|Any CPU
		Release|Any CPU = Release|Any CPU
	EndGlobalSection
	GlobalSection(ProjectConfigurationPlatforms) = postSolution
		{9C1F9248-9A82-4D52-AAEB-54C763144AB8}.Debug|Any CPU.ActiveCfg = Debug|Any CPU
		{9C1F9248-9A82-4D52-AAEB-54C763144AB8}.Debug|Any CPU.Build.0 = Debug|Any CPU
		{9C1F9248-9A82-4D52-AAEB-54C763144AB8}.Release|Any CPU.ActiveCfg = Release|Any CPU
		{9C1F9248-9A82-4D52-AAEB-54C763144AB8}.Release|Any CPU.Build.0 = Release|Any CPU
		{AD7B501A-E268-48D9-8675-AC4600398A5D}.Debug|Any CPU.ActiveCfg = Debug|Any CPU
		{AD7B501A-E268-48D9-8675-AC4600398A5D}.Debug|Any CPU.Build.0 = Debug|Any CPU
		{AD7B501A-E268-48D9-8675-AC4600398A5D}.Release|Any CPU.ActiveCfg = Release|Any CPU
		{AD7B501A-E268-48D9-8675-AC4600398A5D}.Release|Any CPU.Build.0 = Release|Any CPU
	EndGlobalSection
	GlobalSection(SolutionProperties) = preSolution
		HideSolutionNode = FALSE
	EndGlobalSection
	GlobalSection(ExtensibilityGlobals) = postSolution
		SolutionGuid = {04334FAD-DC9D-43D6-82C4-FB8F916BC792}
	EndGlobalSection
EndGlobal
